# This file is automatically @generated by Cargo.
# It is not intended for manual editing.
version = 3

[[package]]
name = "bitflags"
version = "1.3.2"
source = "registry+https://github.com/rust-lang/crates.io-index"
checksum = "bef38d45163c2f1dde094a7dfd33ccf595c92905c8f8f4fdc18d06fb1037718a"

[[package]]
name = "buddy-alloc"
version = "0.5.1"
source = "registry+https://github.com/rust-lang/crates.io-index"
checksum = "1f0d2da64a6a895d5a7e0724882825d50f83c13396b1b9f1878e19a024bab395"

[[package]]
name = "luccas"
version = "0.1.0"
dependencies = [
 "buddy-alloc",
 "wasm4",
]

[[package]]
name = "wasm4"
version = "0.2.0"
source = "registry+https://github.com/rust-lang/crates.io-index"
checksum = "c650627299e0c887f1e279b9f50d8f1c54b20bc217eaa5027950a18400673f91"
dependencies = [
 "bitflags",
 "wasm4-common",
 "wasm4-sys",
]

[[package]]
name = "wasm4-common"
version = "0.1.4"
source = "registry+https://github.com/rust-lang/crates.io-index"
checksum = "3ae45d2f93a6aeeb36d2b59b8a32e78ccd8c76cb755b58e4a58af870394a40bf"

[[package]]
name = "wasm4-sys"
version = "0.1.3"
source = "registry+https://github.com/rust-lang/crates.io-index"
checksum = "96f3b2b137766abb0b52beeb7d57c3b81d055c2f44bb88ea4d6ab158d015c015"
